// !$*UTF8*$!
{
	archiveVersion = 1;
	classes = {
	};
	objectVersion = 46;
	objects = {
/* Begin PBXBuildFile section */
		1D3623260D0F684500981E51 /* AppDelegate.m in Sources */ = {isa = PBXBuildFile; fileRef = 1D3623250D0F684500981E51 /* AppDelegate.m */; };
		1D60589B0D05DD56006BFB54 /* main.m in Sources */ = {isa = PBXBuildFile; fileRef = 29B97316FDCFA39411CA2CEA /* main.m */; };
		288765FD0DF74451002DB57D /* CoreGraphics.framework in Frameworks */ = {isa = PBXBuildFile; fileRef = 288765FC0DF74451002DB57D /* CoreGraphics.framework */; };
		301BF552109A68D80062928A /* libCordova.a in Frameworks */ = {isa = PBXBuildFile; fileRef = 301BF535109A57CC0062928A /* libCordova.a */; };
		302D95F114D2391D003F00A1 /* MainViewController.m in Sources */ = {isa = PBXBuildFile; fileRef = 302D95EF14D2391D003F00A1 /* MainViewController.m */; };
		302D95F214D2391D003F00A1 /* MainViewController.xib in Resources */ = {isa = PBXBuildFile; fileRef = 302D95F014D2391D003F00A1 /* MainViewController.xib */; };
		305D5FD1115AB8F900A74A75 /* MobileCoreServices.framework in Frameworks */ = {isa = PBXBuildFile; fileRef = 305D5FD0115AB8F900A74A75 /* MobileCoreServices.framework */; };
		3088BBBD154F3926009F9C59 /* Default-Landscape@2x~ipad.png in Resources */ = {isa = PBXBuildFile; fileRef = 3088BBB7154F3926009F9C59 /* Default-Landscape@2x~ipad.png */; };
		3088BBBE154F3926009F9C59 /* Default-Landscape~ipad.png in Resources */ = {isa = PBXBuildFile; fileRef = 3088BBB8154F3926009F9C59 /* Default-Landscape~ipad.png */; };
		3088BBBF154F3926009F9C59 /* Default-Portrait@2x~ipad.png in Resources */ = {isa = PBXBuildFile; fileRef = 3088BBB9154F3926009F9C59 /* Default-Portrait@2x~ipad.png */; };
		3088BBC0154F3926009F9C59 /* Default-Portrait~ipad.png in Resources */ = {isa = PBXBuildFile; fileRef = 3088BBBA154F3926009F9C59 /* Default-Portrait~ipad.png */; };
		3088BBC1154F3926009F9C59 /* Default@2x~iphone.png in Resources */ = {isa = PBXBuildFile; fileRef = 3088BBBB154F3926009F9C59 /* Default@2x~iphone.png */; };
		3088BBC2154F3926009F9C59 /* Default~iphone.png in Resources */ = {isa = PBXBuildFile; fileRef = 3088BBBC154F3926009F9C59 /* Default~iphone.png */; };
		308D05371370CCF300D202BF /* icon-72.png in Resources */ = {isa = PBXBuildFile; fileRef = 308D052E1370CCF300D202BF /* icon-72.png */; };
		308D05381370CCF300D202BF /* icon.png in Resources */ = {isa = PBXBuildFile; fileRef = 308D052F1370CCF300D202BF /* icon.png */; };
		308D05391370CCF300D202BF /* icon@2x.png in Resources */ = {isa = PBXBuildFile; fileRef = 308D05301370CCF300D202BF /* icon@2x.png */; };
		30B4F30019D5E07200D9F7D8 /* Default-667h.png in Resources */ = {isa = PBXBuildFile; fileRef = 30B4F2FD19D5E07200D9F7D8 /* Default-667h.png */; };
		30B4F30119D5E07200D9F7D8 /* Default-736h.png in Resources */ = {isa = PBXBuildFile; fileRef = 30B4F2FE19D5E07200D9F7D8 /* Default-736h.png */; };
		30B4F30219D5E07200D9F7D8 /* Default-Landscape-736h.png in Resources */ = {isa = PBXBuildFile; fileRef = 30B4F2FF19D5E07200D9F7D8 /* Default-Landscape-736h.png */; };
		30C1856619D5FC0A00212699 /* icon-60@3x.png in Resources */ = {isa = PBXBuildFile; fileRef = 30C1856519D5FC0A00212699 /* icon-60@3x.png */; };
		30FC414916E50CA1004E6F35 /* icon-72@2x.png in Resources */ = {isa = PBXBuildFile; fileRef = 30FC414816E50CA1004E6F35 /* icon-72@2x.png */; };
		5B1594DD16A7569C00FEF299 /* AssetsLibrary.framework in Frameworks */ = {isa = PBXBuildFile; fileRef = 5B1594DC16A7569C00FEF299 /* AssetsLibrary.framework */; };
		7E7966DE1810823500FA85AD /* icon-40.png in Resources */ = {isa = PBXBuildFile; fileRef = 7E7966D41810823500FA85AD /* icon-40.png */; };
		7E7966DF1810823500FA85AD /* icon-40@2x.png in Resources */ = {isa = PBXBuildFile; fileRef = 7E7966D51810823500FA85AD /* icon-40@2x.png */; };
		7E7966E01810823500FA85AD /* icon-50.png in Resources */ = {isa = PBXBuildFile; fileRef = 7E7966D61810823500FA85AD /* icon-50.png */; };
		7E7966E11810823500FA85AD /* icon-50@2x.png in Resources */ = {isa = PBXBuildFile; fileRef = 7E7966D71810823500FA85AD /* icon-50@2x.png */; };
		7E7966E21810823500FA85AD /* icon-60.png in Resources */ = {isa = PBXBuildFile; fileRef = 7E7966D81810823500FA85AD /* icon-60.png */; };
		7E7966E31810823500FA85AD /* icon-60@2x.png in Resources */ = {isa = PBXBuildFile; fileRef = 7E7966D91810823500FA85AD /* icon-60@2x.png */; };
		7E7966E41810823500FA85AD /* icon-76.png in Resources */ = {isa = PBXBuildFile; fileRef = 7E7966DA1810823500FA85AD /* icon-76.png */; };
		7E7966E51810823500FA85AD /* icon-76@2x.png in Resources */ = {isa = PBXBuildFile; fileRef = 7E7966DB1810823500FA85AD /* icon-76@2x.png */; };
		7E7966E61810823500FA85AD /* icon-small.png in Resources */ = {isa = PBXBuildFile; fileRef = 7E7966DC1810823500FA85AD /* icon-small.png */; };
		7E7966E71810823500FA85AD /* icon-small@2x.png in Resources */ = {isa = PBXBuildFile; fileRef = 7E7966DD1810823500FA85AD /* icon-small@2x.png */; };
		D4A0D8761607E02300AEF8BB /* Default-568h@2x~iphone.png in Resources */ = {isa = PBXBuildFile; fileRef = D4A0D8751607E02300AEF8BB /* Default-568h@2x~iphone.png */; };
		1A9A10726FE745B78F45662F /* IonicConstant.m in Sources */ = {isa = PBXBuildFile; fileRef = 8D35B462F7874054A34A97AC /* IonicConstant.m */; };
		879AAC7938414838A07244AF /* IonicDeploy.m in Sources */ = {isa = PBXBuildFile; fileRef = B93A837E3E0145698F36C17F /* IonicDeploy.m */; };
		195A34F1BFE44166B38D952D /* Download.m in Sources */ = {isa = PBXBuildFile; fileRef = 85791751B7A6450F8F853801 /* Download.m */; };
		0EDAE645D11740C5BF4A20F0 /* DownloadManager.m in Sources */ = {isa = PBXBuildFile; fileRef = 7568513589D24CEEBE3EFEF8 /* DownloadManager.m */; };
		D9DA3A1F0F2E46B996FBE5A2 /* SSZipArchive.m in Sources */ = {isa = PBXBuildFile; fileRef = 7A6F718FA34E495EB5F86ABF /* SSZipArchive.m */; };
		CE5524C1F8B44131AA3F2D72 /* ioapi.c in Resources */ = {isa = PBXBuildFile; fileRef = 7D842D5F72EC440CB6408025 /* ioapi.c */; };
		A203DC0308F04039A56CBEF9 /* unzip.c in Resources */ = {isa = PBXBuildFile; fileRef = D73A1F1630E94A04AA08D579 /* unzip.c */; };
		02742BBA18F6427391C4F81A /* zip.c in Resources */ = {isa = PBXBuildFile; fileRef = 7AA2238DCD9D4B89BDD98901 /* zip.c */; };
		1979A68BAA264DA99B025386 /* adler32.c in Resources */ = {isa = PBXBuildFile; fileRef = 229C12E4889C4CDEB71CA36B /* adler32.c */; };
		00FEB1CF0E2F425F814D2D2E /* compress.c in Resources */ = {isa = PBXBuildFile; fileRef = F7E2727DD36F44A78986E3B6 /* compress.c */; };
		7035C38912A24816858CE138 /* crc32.c in Resources */ = {isa = PBXBuildFile; fileRef = 1BD9A3C63681466AB1C6D312 /* crc32.c */; };
		F11E50D6321D493BABF6A4D4 /* deflate.c in Resources */ = {isa = PBXBuildFile; fileRef = A64D2CB20AC54AF7B8444CDC /* deflate.c */; };
		8F57CBB0433746189C3DACB8 /* gzclose.c in Resources */ = {isa = PBXBuildFile; fileRef = E6CD85723F584CBCB0983298 /* gzclose.c */; };
		DD73ACD68553481A8CAEBF23 /* gzlib.c in Resources */ = {isa = PBXBuildFile; fileRef = 9DDB471DD7044FDEBD224B74 /* gzlib.c */; };
		E9B1AA252523484AA5994091 /* gzread.c in Resources */ = {isa = PBXBuildFile; fileRef = 5847F22B7293432ABB7CB85F /* gzread.c */; };
		A8DFD9F94F974038A28B093B /* gzwrite.c in Resources */ = {isa = PBXBuildFile; fileRef = 24FC096C89DA427D80E92680 /* gzwrite.c */; };
		FDA3C12BDAE2456C879F8454 /* infback.c in Resources */ = {isa = PBXBuildFile; fileRef = 06E98F5C02D9411680F28365 /* infback.c */; };
		543AA9872C524007A18EAD1F /* inffast.c in Resources */ = {isa = PBXBuildFile; fileRef = 9BE8D97DDA08464DA6FF0D8A /* inffast.c */; };
		F895FD84F9964B4881EDB87E /* inflate.c in Resources */ = {isa = PBXBuildFile; fileRef = 7A57D5958B8B4A5484A2086B /* inflate.c */; };
		A4C98D3D9705493990E47B3B /* inftrees.c in Resources */ = {isa = PBXBuildFile; fileRef = 1C5DA2B5074342DE8E480982 /* inftrees.c */; };
		F2C56112CC8F4E75A515EA13 /* trees.c in Resources */ = {isa = PBXBuildFile; fileRef = 7F16D7BA3234438595F212AB /* trees.c */; };
		A15BD66767EA4C99A00CCB37 /* uncompr.c in Resources */ = {isa = PBXBuildFile; fileRef = F189D84444C84FA683A1B586 /* uncompr.c */; };
		8AF86F7C8FC94DC69B89CF82 /* zutil.c in Resources */ = {isa = PBXBuildFile; fileRef = AFF99E5A27634211A79135C5 /* zutil.c */; };
		8C5DC610376941DFA53F0ACF /* Base64.m in Sources */ = {isa = PBXBuildFile; fileRef = 8765AF7D8C444F16B990EB97 /* Base64.m */; };
		5960A07D10DB46CF8371713F /* UNIHTTPClientHelper.m in Sources */ = {isa = PBXBuildFile; fileRef = 4FFA9989AE5B459781E65497 /* UNIHTTPClientHelper.m */; };
		996949B68CDE4E0CB9E888BA /* UNIHTTPRequest.m in Sources */ = {isa = PBXBuildFile; fileRef = 32F38B5527DD49B5A0EE3B5F /* UNIHTTPRequest.m */; };
		FFEB6695AA554945A5DB9D75 /* UNIHTTPRequestWithBody.m in Sources */ = {isa = PBXBuildFile; fileRef = 69CC8C42535448CE88FE45FD /* UNIHTTPRequestWithBody.m */; };
		F398756E5C634C2897C45CD9 /* UNIRest.m in Sources */ = {isa = PBXBuildFile; fileRef = 6A61A484D0314F1AAA21C3CC /* UNIRest.m */; };
		F5A8DF75729D4E64A2ABBFAF /* UNIUrlConnection.m in Sources */ = {isa = PBXBuildFile; fileRef = 8BB31FC37D9944A2B0ED5F44 /* UNIUrlConnection.m */; };
		E5D48778A91540689AC160A1 /* UNIBaseRequest.m in Sources */ = {isa = PBXBuildFile; fileRef = A66B5EE55561475680F404F9 /* UNIBaseRequest.m */; };
		C8496C2D93FA4FE7BF3B2E58 /* UNIBodyRequest.m in Sources */ = {isa = PBXBuildFile; fileRef = 18EDEE60DFC249EC9C9DBBA2 /* UNIBodyRequest.m */; };
		B793718169B440ACB93D4445 /* UNISimpleRequest.m in Sources */ = {isa = PBXBuildFile; fileRef = 580FBAD77C4746C58B0B520B /* UNISimpleRequest.m */; };
		C22ACF0437E6495082C733F4 /* UNIHTTPBinaryResponse.m in Sources */ = {isa = PBXBuildFile; fileRef = 666307329CC8471391688BC4 /* UNIHTTPBinaryResponse.m */; };
		88EF320620A34B2DA3CA844E /* UNIHTTPJsonResponse.m in Sources */ = {isa = PBXBuildFile; fileRef = 90CE30402CD044FCBDC5FDB4 /* UNIHTTPJsonResponse.m */; };
		D0BB51CCE4A8499EB33D76BA /* UNIHTTPResponse.m in Sources */ = {isa = PBXBuildFile; fileRef = 35133F6D703B4FF1A301338C /* UNIHTTPResponse.m */; };
		9730A0EB05134E18B1A2F9E2 /* UNIHTTPStringResponse.m in Sources */ = {isa = PBXBuildFile; fileRef = ECB9BC18C4EF4E3DB31464B8 /* UNIHTTPStringResponse.m */; };
		61DE67AC8325419BB63DBAC8 /* UNIJsonNode.m in Sources */ = {isa = PBXBuildFile; fileRef = EB42E5E66B4C4F3394639EAC /* UNIJsonNode.m */; };
		CD4E4B884E9340B7871D5435 /* CDVLogger.m in Sources */ = {isa = PBXBuildFile; fileRef = E57595EC247F49ED82A05A8C /* CDVLogger.m */; };
		F75D087BA03E41B3BF101171 /* CDVDevice.m in Sources */ = {isa = PBXBuildFile; fileRef = 3E72ACF56E9B4E36A98E45A4 /* CDVDevice.m */; };
		31CB98CFAEF4445D8CAA15E2 /* CDVSplashScreen.m in Sources */ = {isa = PBXBuildFile; fileRef = 91F2E1260D1B455E8C9EE71B /* CDVSplashScreen.m */; };
		211EC13E9B114E6AB5723852 /* CDVViewController+SplashScreen.m in Sources */ = {isa = PBXBuildFile; fileRef = E0FE60C8373E4C35B6A48536 /* CDVViewController+SplashScreen.m */; };
		8837E97255274020AAAD8CA0 /* CDVStatusBar.m in Sources */ = {isa = PBXBuildFile; fileRef = 4037B511300A40B29738011B /* CDVStatusBar.m */; };
		A38EF062FAE6447AB6F4B7B5 /* IonicKeyboard.m in Sources */ = {isa = PBXBuildFile; fileRef = 28DDF222C2F8466189268321 /* IonicKeyboard.m */; };
		4D81D1DF8E0E4A45802DF99A /* UIWebViewExtension.m in Sources */ = {isa = PBXBuildFile; fileRef = 2E9B165E125340E5A8539336 /* UIWebViewExtension.m */; };
		3049C4E55AAD4685935E1EF9 /* CDVInAppBrowser.m in Sources */ = {isa = PBXBuildFile; fileRef = A46A461136634496B1D79092 /* CDVInAppBrowser.m */; };
/* End PBXBuildFile section */

/* Begin PBXContainerItemProxy section */
		301BF534109A57CC0062928A /* PBXContainerItemProxy */ = {
			isa = PBXContainerItemProxy;
			containerPortal = 301BF52D109A57CC0062928A /* CordovaLib.xcodeproj */;
			proxyType = 2;
			remoteGlobalIDString = D2AAC07E0554694100DB518D;
			remoteInfo = CordovaLib;
		};
		301BF550109A68C00062928A /* PBXContainerItemProxy */ = {
			isa = PBXContainerItemProxy;
			containerPortal = 301BF52D109A57CC0062928A /* CordovaLib.xcodeproj */;
			proxyType = 1;
			remoteGlobalIDString = D2AAC07D0554694100DB518D;
			remoteInfo = CordovaLib;
		};
/* End PBXContainerItemProxy section */

/* Begin PBXFileReference section */
		1D3623240D0F684500981E51 /* AppDelegate.h */ = {isa = PBXFileReference; fileEncoding = 4; lastKnownFileType = sourcecode.c.h; path = AppDelegate.h; sourceTree = "<group>"; };
		1D3623250D0F684500981E51 /* AppDelegate.m */ = {isa = PBXFileReference; fileEncoding = 4; lastKnownFileType = sourcecode.c.objc; path = AppDelegate.m; sourceTree = "<group>"; };
		1D6058910D05DD3D006BFB54 /* boatlaunch.app */ = {isa = PBXFileReference; explicitFileType = wrapper.application; includeInIndex = 0; path = "boatlaunch.app"; sourceTree = BUILT_PRODUCTS_DIR; };
		1F766FDD13BBADB100FB74C0 /* en */ = {isa = PBXFileReference; lastKnownFileType = text.plist.strings; name = en; path = Localizable.strings; sourceTree = "<group>"; };
		1F766FE013BBADB100FB74C0 /* es */ = {isa = PBXFileReference; lastKnownFileType = text.plist.strings; name = es; path = Localizable.strings; sourceTree = "<group>"; };
		288765FC0DF74451002DB57D /* CoreGraphics.framework */ = {isa = PBXFileReference; lastKnownFileType = wrapper.framework; name = CoreGraphics.framework; path = System/Library/Frameworks/CoreGraphics.framework; sourceTree = SDKROOT; };
		29B97316FDCFA39411CA2CEA /* main.m */ = {isa = PBXFileReference; fileEncoding = 4; lastKnownFileType = sourcecode.c.objc; path = main.m; sourceTree = "<group>"; };
		301BF52D109A57CC0062928A /* CordovaLib.xcodeproj */ = {isa = PBXFileReference; lastKnownFileType = "wrapper.pb-project"; name = CordovaLib.xcodeproj; path = CordovaLib/CordovaLib.xcodeproj; sourceTree = "<group>"; };
		301BF56E109A69640062928A /* www */ = {isa = PBXFileReference; lastKnownFileType = folder; path = www; sourceTree = SOURCE_ROOT; };
		302D95EE14D2391D003F00A1 /* MainViewController.h */ = {isa = PBXFileReference; fileEncoding = 4; lastKnownFileType = sourcecode.c.h; path = MainViewController.h; sourceTree = "<group>"; };
		302D95EF14D2391D003F00A1 /* MainViewController.m */ = {isa = PBXFileReference; fileEncoding = 4; lastKnownFileType = sourcecode.c.objc; path = MainViewController.m; sourceTree = "<group>"; };
		302D95F014D2391D003F00A1 /* MainViewController.xib */ = {isa = PBXFileReference; fileEncoding = 4; lastKnownFileType = file.xib; path = MainViewController.xib; sourceTree = "<group>"; };
		305D5FD0115AB8F900A74A75 /* MobileCoreServices.framework */ = {isa = PBXFileReference; lastKnownFileType = wrapper.framework; name = MobileCoreServices.framework; path = System/Library/Frameworks/MobileCoreServices.framework; sourceTree = SDKROOT; };
		3088BBB7154F3926009F9C59 /* Default-Landscape@2x~ipad.png */ = {isa = PBXFileReference; lastKnownFileType = image.png; path = "Default-Landscape@2x~ipad.png"; sourceTree = "<group>"; };
		3088BBB8154F3926009F9C59 /* Default-Landscape~ipad.png */ = {isa = PBXFileReference; lastKnownFileType = image.png; path = "Default-Landscape~ipad.png"; sourceTree = "<group>"; };
		3088BBB9154F3926009F9C59 /* Default-Portrait@2x~ipad.png */ = {isa = PBXFileReference; lastKnownFileType = image.png; path = "Default-Portrait@2x~ipad.png"; sourceTree = "<group>"; };
		3088BBBA154F3926009F9C59 /* Default-Portrait~ipad.png */ = {isa = PBXFileReference; lastKnownFileType = image.png; path = "Default-Portrait~ipad.png"; sourceTree = "<group>"; };
		3088BBBB154F3926009F9C59 /* Default@2x~iphone.png */ = {isa = PBXFileReference; lastKnownFileType = image.png; path = "Default@2x~iphone.png"; sourceTree = "<group>"; };
		3088BBBC154F3926009F9C59 /* Default~iphone.png */ = {isa = PBXFileReference; lastKnownFileType = image.png; path = "Default~iphone.png"; sourceTree = "<group>"; };
		308D052E1370CCF300D202BF /* icon-72.png */ = {isa = PBXFileReference; lastKnownFileType = image.png; path = "icon-72.png"; sourceTree = "<group>"; };
		308D052F1370CCF300D202BF /* icon.png */ = {isa = PBXFileReference; lastKnownFileType = image.png; path = icon.png; sourceTree = "<group>"; };
		308D05301370CCF300D202BF /* icon@2x.png */ = {isa = PBXFileReference; lastKnownFileType = image.png; path = "icon@2x.png"; sourceTree = "<group>"; };
		30B4F2FD19D5E07200D9F7D8 /* Default-667h.png */ = {isa = PBXFileReference; lastKnownFileType = image.png; path = "Default-667h.png"; sourceTree = "<group>"; };
		30B4F2FE19D5E07200D9F7D8 /* Default-736h.png */ = {isa = PBXFileReference; lastKnownFileType = image.png; path = "Default-736h.png"; sourceTree = "<group>"; };
		30B4F2FF19D5E07200D9F7D8 /* Default-Landscape-736h.png */ = {isa = PBXFileReference; lastKnownFileType = image.png; path = "Default-Landscape-736h.png"; sourceTree = "<group>"; };
		30C1856519D5FC0A00212699 /* icon-60@3x.png */ = {isa = PBXFileReference; lastKnownFileType = image.png; path = "icon-60@3x.png"; sourceTree = "<group>"; };
		30FC414816E50CA1004E6F35 /* icon-72@2x.png */ = {isa = PBXFileReference; lastKnownFileType = image.png; path = "icon-72@2x.png"; sourceTree = "<group>"; };
		32CA4F630368D1EE00C91783 /* boatlaunch-Prefix.pch */ = {isa = PBXFileReference; fileEncoding = 4; lastKnownFileType = sourcecode.c.h; path = "boatlaunch-Prefix.pch"; sourceTree = "<group>"; };
		5B1594DC16A7569C00FEF299 /* AssetsLibrary.framework */ = {isa = PBXFileReference; lastKnownFileType = wrapper.framework; name = AssetsLibrary.framework; path = System/Library/Frameworks/AssetsLibrary.framework; sourceTree = SDKROOT; };
		7E7966D41810823500FA85AD /* icon-40.png */ = {isa = PBXFileReference; lastKnownFileType = image.png; path = "icon-40.png"; sourceTree = "<group>"; };
		7E7966D51810823500FA85AD /* icon-40@2x.png */ = {isa = PBXFileReference; lastKnownFileType = image.png; path = "icon-40@2x.png"; sourceTree = "<group>"; };
		7E7966D61810823500FA85AD /* icon-50.png */ = {isa = PBXFileReference; lastKnownFileType = image.png; path = "icon-50.png"; sourceTree = "<group>"; };
		7E7966D71810823500FA85AD /* icon-50@2x.png */ = {isa = PBXFileReference; lastKnownFileType = image.png; path = "icon-50@2x.png"; sourceTree = "<group>"; };
		7E7966D81810823500FA85AD /* icon-60.png */ = {isa = PBXFileReference; lastKnownFileType = image.png; path = "icon-60.png"; sourceTree = "<group>"; };
		7E7966D91810823500FA85AD /* icon-60@2x.png */ = {isa = PBXFileReference; lastKnownFileType = image.png; path = "icon-60@2x.png"; sourceTree = "<group>"; };
		7E7966DA1810823500FA85AD /* icon-76.png */ = {isa = PBXFileReference; lastKnownFileType = image.png; path = "icon-76.png"; sourceTree = "<group>"; };
		7E7966DB1810823500FA85AD /* icon-76@2x.png */ = {isa = PBXFileReference; lastKnownFileType = image.png; path = "icon-76@2x.png"; sourceTree = "<group>"; };
		7E7966DC1810823500FA85AD /* icon-small.png */ = {isa = PBXFileReference; lastKnownFileType = image.png; path = "icon-small.png"; sourceTree = "<group>"; };
		7E7966DD1810823500FA85AD /* icon-small@2x.png */ = {isa = PBXFileReference; lastKnownFileType = image.png; path = "icon-small@2x.png"; sourceTree = "<group>"; };
		8D1107310486CEB800E47090 /* boatlaunch-Info.plist */ = {isa = PBXFileReference; fileEncoding = 4; lastKnownFileType = text.plist.xml; name = "boatlaunch-Info.plist"; path = "../boatlaunch-Info.plist"; plistStructureDefinitionIdentifier = "com.apple.xcode.plist.structure-definition.iphone.info-plist"; sourceTree = "<group>"; };
		D4A0D8751607E02300AEF8BB /* Default-568h@2x~iphone.png */ = {isa = PBXFileReference; lastKnownFileType = image.png; path = "Default-568h@2x~iphone.png"; sourceTree = "<group>"; };
		EB87FDF21871DA7A0020F90C /* merges */ = {isa = PBXFileReference; lastKnownFileType = folder; name = merges; path = ../../merges; sourceTree = "<group>"; };
		EB87FDF31871DA8E0020F90C /* www */ = {isa = PBXFileReference; lastKnownFileType = folder; name = www; path = ../../www; sourceTree = "<group>"; };
		EB87FDF41871DAF40020F90C /* config.xml */ = {isa = PBXFileReference; lastKnownFileType = text.xml; name = config.xml; path = ../../config.xml; sourceTree = "<group>"; };
		F840E1F0165FE0F500CFE078 /* config.xml */ = {isa = PBXFileReference; lastKnownFileType = text.xml; name = config.xml; path = "boatlaunch/config.xml"; sourceTree = "<group>"; };
		8D35B462F7874054A34A97AC /* IonicConstant.m */ = {isa = PBXFileReference; lastKnownFileType = sourcecode.c.objc; name = "IonicConstant.m"; path = "ionic-plugin-deploy/IonicConstant.m"; sourceTree = "<group>"; fileEncoding = 4; };
		B93A837E3E0145698F36C17F /* IonicDeploy.m */ = {isa = PBXFileReference; lastKnownFileType = sourcecode.c.objc; name = "IonicDeploy.m"; path = "ionic-plugin-deploy/IonicDeploy.m"; sourceTree = "<group>"; fileEncoding = 4; };
		85791751B7A6450F8F853801 /* Download.m */ = {isa = PBXFileReference; lastKnownFileType = sourcecode.c.objc; name = "Download.m"; path = "ionic-plugin-deploy/Download.m"; sourceTree = "<group>"; fileEncoding = 4; };
		7568513589D24CEEBE3EFEF8 /* DownloadManager.m */ = {isa = PBXFileReference; lastKnownFileType = sourcecode.c.objc; name = "DownloadManager.m"; path = "ionic-plugin-deploy/DownloadManager.m"; sourceTree = "<group>"; fileEncoding = 4; };
		7A6F718FA34E495EB5F86ABF /* SSZipArchive.m */ = {isa = PBXFileReference; lastKnownFileType = sourcecode.c.objc; name = "SSZipArchive.m"; path = "ionic-plugin-deploy/SSZipArchive.m"; sourceTree = "<group>"; fileEncoding = 4; };
		7D842D5F72EC440CB6408025 /* ioapi.c */ = {isa = PBXFileReference; lastKnownFileType = unknown; name = "ioapi.c"; path = "ionic-plugin-deploy/ioapi.c"; sourceTree = "<group>"; fileEncoding = 4; };
		D73A1F1630E94A04AA08D579 /* unzip.c */ = {isa = PBXFileReference; lastKnownFileType = unknown; name = "unzip.c"; path = "ionic-plugin-deploy/unzip.c"; sourceTree = "<group>"; fileEncoding = 4; };
		7AA2238DCD9D4B89BDD98901 /* zip.c */ = {isa = PBXFileReference; lastKnownFileType = unknown; name = "zip.c"; path = "ionic-plugin-deploy/zip.c"; sourceTree = "<group>"; fileEncoding = 4; };
		229C12E4889C4CDEB71CA36B /* adler32.c */ = {isa = PBXFileReference; lastKnownFileType = unknown; name = "adler32.c"; path = "ionic-plugin-deploy/adler32.c"; sourceTree = "<group>"; fileEncoding = 4; };
		F7E2727DD36F44A78986E3B6 /* compress.c */ = {isa = PBXFileReference; lastKnownFileType = unknown; name = "compress.c"; path = "ionic-plugin-deploy/compress.c"; sourceTree = "<group>"; fileEncoding = 4; };
		1BD9A3C63681466AB1C6D312 /* crc32.c */ = {isa = PBXFileReference; lastKnownFileType = unknown; name = "crc32.c"; path = "ionic-plugin-deploy/crc32.c"; sourceTree = "<group>"; fileEncoding = 4; };
		A64D2CB20AC54AF7B8444CDC /* deflate.c */ = {isa = PBXFileReference; lastKnownFileType = unknown; name = "deflate.c"; path = "ionic-plugin-deploy/deflate.c"; sourceTree = "<group>"; fileEncoding = 4; };
		E6CD85723F584CBCB0983298 /* gzclose.c */ = {isa = PBXFileReference; lastKnownFileType = unknown; name = "gzclose.c"; path = "ionic-plugin-deploy/gzclose.c"; sourceTree = "<group>"; fileEncoding = 4; };
		9DDB471DD7044FDEBD224B74 /* gzlib.c */ = {isa = PBXFileReference; lastKnownFileType = unknown; name = "gzlib.c"; path = "ionic-plugin-deploy/gzlib.c"; sourceTree = "<group>"; fileEncoding = 4; };
		5847F22B7293432ABB7CB85F /* gzread.c */ = {isa = PBXFileReference; lastKnownFileType = unknown; name = "gzread.c"; path = "ionic-plugin-deploy/gzread.c"; sourceTree = "<group>"; fileEncoding = 4; };
		24FC096C89DA427D80E92680 /* gzwrite.c */ = {isa = PBXFileReference; lastKnownFileType = unknown; name = "gzwrite.c"; path = "ionic-plugin-deploy/gzwrite.c"; sourceTree = "<group>"; fileEncoding = 4; };
		06E98F5C02D9411680F28365 /* infback.c */ = {isa = PBXFileReference; lastKnownFileType = unknown; name = "infback.c"; path = "ionic-plugin-deploy/infback.c"; sourceTree = "<group>"; fileEncoding = 4; };
		9BE8D97DDA08464DA6FF0D8A /* inffast.c */ = {isa = PBXFileReference; lastKnownFileType = unknown; name = "inffast.c"; path = "ionic-plugin-deploy/inffast.c"; sourceTree = "<group>"; fileEncoding = 4; };
		7A57D5958B8B4A5484A2086B /* inflate.c */ = {isa = PBXFileReference; lastKnownFileType = unknown; name = "inflate.c"; path = "ionic-plugin-deploy/inflate.c"; sourceTree = "<group>"; fileEncoding = 4; };
		1C5DA2B5074342DE8E480982 /* inftrees.c */ = {isa = PBXFileReference; lastKnownFileType = unknown; name = "inftrees.c"; path = "ionic-plugin-deploy/inftrees.c"; sourceTree = "<group>"; fileEncoding = 4; };
		7F16D7BA3234438595F212AB /* trees.c */ = {isa = PBXFileReference; lastKnownFileType = unknown; name = "trees.c"; path = "ionic-plugin-deploy/trees.c"; sourceTree = "<group>"; fileEncoding = 4; };
		F189D84444C84FA683A1B586 /* uncompr.c */ = {isa = PBXFileReference; lastKnownFileType = unknown; name = "uncompr.c"; path = "ionic-plugin-deploy/uncompr.c"; sourceTree = "<group>"; fileEncoding = 4; };
		AFF99E5A27634211A79135C5 /* zutil.c */ = {isa = PBXFileReference; lastKnownFileType = unknown; name = "zutil.c"; path = "ionic-plugin-deploy/zutil.c"; sourceTree = "<group>"; fileEncoding = 4; };
		8765AF7D8C444F16B990EB97 /* Base64.m */ = {isa = PBXFileReference; lastKnownFileType = sourcecode.c.objc; name = "Base64.m"; path = "ionic-plugin-deploy/Base64.m"; sourceTree = "<group>"; fileEncoding = 4; };
		4FFA9989AE5B459781E65497 /* UNIHTTPClientHelper.m */ = {isa = PBXFileReference; lastKnownFileType = sourcecode.c.objc; name = "UNIHTTPClientHelper.m"; path = "ionic-plugin-deploy/UNIHTTPClientHelper.m"; sourceTree = "<group>"; fileEncoding = 4; };
		32F38B5527DD49B5A0EE3B5F /* UNIHTTPRequest.m */ = {isa = PBXFileReference; lastKnownFileType = sourcecode.c.objc; name = "UNIHTTPRequest.m"; path = "ionic-plugin-deploy/UNIHTTPRequest.m"; sourceTree = "<group>"; fileEncoding = 4; };
		69CC8C42535448CE88FE45FD /* UNIHTTPRequestWithBody.m */ = {isa = PBXFileReference; lastKnownFileType = sourcecode.c.objc; name = "UNIHTTPRequestWithBody.m"; path = "ionic-plugin-deploy/UNIHTTPRequestWithBody.m"; sourceTree = "<group>"; fileEncoding = 4; };
		6A61A484D0314F1AAA21C3CC /* UNIRest.m */ = {isa = PBXFileReference; lastKnownFileType = sourcecode.c.objc; name = "UNIRest.m"; path = "ionic-plugin-deploy/UNIRest.m"; sourceTree = "<group>"; fileEncoding = 4; };
		8BB31FC37D9944A2B0ED5F44 /* UNIUrlConnection.m */ = {isa = PBXFileReference; lastKnownFileType = sourcecode.c.objc; name = "UNIUrlConnection.m"; path = "ionic-plugin-deploy/UNIUrlConnection.m"; sourceTree = "<group>"; fileEncoding = 4; };
		A66B5EE55561475680F404F9 /* UNIBaseRequest.m */ = {isa = PBXFileReference; lastKnownFileType = sourcecode.c.objc; name = "UNIBaseRequest.m"; path = "ionic-plugin-deploy/UNIBaseRequest.m"; sourceTree = "<group>"; fileEncoding = 4; };
		18EDEE60DFC249EC9C9DBBA2 /* UNIBodyRequest.m */ = {isa = PBXFileReference; lastKnownFileType = sourcecode.c.objc; name = "UNIBodyRequest.m"; path = "ionic-plugin-deploy/UNIBodyRequest.m"; sourceTree = "<group>"; fileEncoding = 4; };
		580FBAD77C4746C58B0B520B /* UNISimpleRequest.m */ = {isa = PBXFileReference; lastKnownFileType = sourcecode.c.objc; name = "UNISimpleRequest.m"; path = "ionic-plugin-deploy/UNISimpleRequest.m"; sourceTree = "<group>"; fileEncoding = 4; };
		666307329CC8471391688BC4 /* UNIHTTPBinaryResponse.m */ = {isa = PBXFileReference; lastKnownFileType = sourcecode.c.objc; name = "UNIHTTPBinaryResponse.m"; path = "ionic-plugin-deploy/UNIHTTPBinaryResponse.m"; sourceTree = "<group>"; fileEncoding = 4; };
		90CE30402CD044FCBDC5FDB4 /* UNIHTTPJsonResponse.m */ = {isa = PBXFileReference; lastKnownFileType = sourcecode.c.objc; name = "UNIHTTPJsonResponse.m"; path = "ionic-plugin-deploy/UNIHTTPJsonResponse.m"; sourceTree = "<group>"; fileEncoding = 4; };
		35133F6D703B4FF1A301338C /* UNIHTTPResponse.m */ = {isa = PBXFileReference; lastKnownFileType = sourcecode.c.objc; name = "UNIHTTPResponse.m"; path = "ionic-plugin-deploy/UNIHTTPResponse.m"; sourceTree = "<group>"; fileEncoding = 4; };
		ECB9BC18C4EF4E3DB31464B8 /* UNIHTTPStringResponse.m */ = {isa = PBXFileReference; lastKnownFileType = sourcecode.c.objc; name = "UNIHTTPStringResponse.m"; path = "ionic-plugin-deploy/UNIHTTPStringResponse.m"; sourceTree = "<group>"; fileEncoding = 4; };
		EB42E5E66B4C4F3394639EAC /* UNIJsonNode.m */ = {isa = PBXFileReference; lastKnownFileType = sourcecode.c.objc; name = "UNIJsonNode.m"; path = "ionic-plugin-deploy/UNIJsonNode.m"; sourceTree = "<group>"; fileEncoding = 4; };
		B190EEDA755A4353A9211E51 /* IonicConstant.h */ = {isa = PBXFileReference; lastKnownFileType = sourcecode.c.h; name = "IonicConstant.h"; path = "ionic-plugin-deploy/IonicConstant.h"; sourceTree = "<group>"; fileEncoding = 4; };
		0A02BBED0BE14212842AE157 /* IonicDeploy.h */ = {isa = PBXFileReference; lastKnownFileType = sourcecode.c.h; name = "IonicDeploy.h"; path = "ionic-plugin-deploy/IonicDeploy.h"; sourceTree = "<group>"; fileEncoding = 4; };
		E49E67D8178A4C24AA998BA5 /* Download.h */ = {isa = PBXFileReference; lastKnownFileType = sourcecode.c.h; name = "Download.h"; path = "ionic-plugin-deploy/Download.h"; sourceTree = "<group>"; fileEncoding = 4; };
		722C30FC166B4857959F078E /* DownloadManager.h */ = {isa = PBXFileReference; lastKnownFileType = sourcecode.c.h; name = "DownloadManager.h"; path = "ionic-plugin-deploy/DownloadManager.h"; sourceTree = "<group>"; fileEncoding = 4; };
		5572559BFBAB43178088C30E /* SSZipArchive.h */ = {isa = PBXFileReference; lastKnownFileType = sourcecode.c.h; name = "SSZipArchive.h"; path = "ionic-plugin-deploy/SSZipArchive.h"; sourceTree = "<group>"; fileEncoding = 4; };
		6F17BC9B1BA44076A0140E64 /* ARCHelper.h */ = {isa = PBXFileReference; lastKnownFileType = sourcecode.c.h; name = "ARCHelper.h"; path = "ionic-plugin-deploy/ARCHelper.h"; sourceTree = "<group>"; fileEncoding = 4; };
		7061E3132AD8402388548BB3 /* crypt.h */ = {isa = PBXFileReference; lastKnownFileType = sourcecode.c.h; name = "crypt.h"; path = "ionic-plugin-deploy/crypt.h"; sourceTree = "<group>"; fileEncoding = 4; };
		0E6DA86491234B3E86488EF5 /* ioapi.h */ = {isa = PBXFileReference; lastKnownFileType = sourcecode.c.h; name = "ioapi.h"; path = "ionic-plugin-deploy/ioapi.h"; sourceTree = "<group>"; fileEncoding = 4; };
		A3D87C7B00B84866B428B5D2 /* unzip.h */ = {isa = PBXFileReference; lastKnownFileType = sourcecode.c.h; name = "unzip.h"; path = "ionic-plugin-deploy/unzip.h"; sourceTree = "<group>"; fileEncoding = 4; };
		9986888F1D394906B22C11BC /* zip.h */ = {isa = PBXFileReference; lastKnownFileType = sourcecode.c.h; name = "zip.h"; path = "ionic-plugin-deploy/zip.h"; sourceTree = "<group>"; fileEncoding = 4; };
		123D5707C01C4202A2D9D800 /* crc32.h */ = {isa = PBXFileReference; lastKnownFileType = sourcecode.c.h; name = "crc32.h"; path = "ionic-plugin-deploy/crc32.h"; sourceTree = "<group>"; fileEncoding = 4; };
		9B301CA93622485D8852369D /* deflate.h */ = {isa = PBXFileReference; lastKnownFileType = sourcecode.c.h; name = "deflate.h"; path = "ionic-plugin-deploy/deflate.h"; sourceTree = "<group>"; fileEncoding = 4; };
		7203D25155B648F7A7A31DA7 /* gzguts.h */ = {isa = PBXFileReference; lastKnownFileType = sourcecode.c.h; name = "gzguts.h"; path = "ionic-plugin-deploy/gzguts.h"; sourceTree = "<group>"; fileEncoding = 4; };
		EB6AEB4EE18E4F2C990F4B86 /* inffast.h */ = {isa = PBXFileReference; lastKnownFileType = sourcecode.c.h; name = "inffast.h"; path = "ionic-plugin-deploy/inffast.h"; sourceTree = "<group>"; fileEncoding = 4; };
		4AA160FC55604E76B5BA454A /* inffixed.h */ = {isa = PBXFileReference; lastKnownFileType = sourcecode.c.h; name = "inffixed.h"; path = "ionic-plugin-deploy/inffixed.h"; sourceTree = "<group>"; fileEncoding = 4; };
		469B3E609EE345AE9DFC9BFA /* inflate.h */ = {isa = PBXFileReference; lastKnownFileType = sourcecode.c.h; name = "inflate.h"; path = "ionic-plugin-deploy/inflate.h"; sourceTree = "<group>"; fileEncoding = 4; };
		AA8EF3546B88476A9D7F195F /* inftrees.h */ = {isa = PBXFileReference; lastKnownFileType = sourcecode.c.h; name = "inftrees.h"; path = "ionic-plugin-deploy/inftrees.h"; sourceTree = "<group>"; fileEncoding = 4; };
		86A77D752F184579B19A9742 /* trees.h */ = {isa = PBXFileReference; lastKnownFileType = sourcecode.c.h; name = "trees.h"; path = "ionic-plugin-deploy/trees.h"; sourceTree = "<group>"; fileEncoding = 4; };
		ABDBFA40771E4F8F8A8C103D /* zconf.h */ = {isa = PBXFileReference; lastKnownFileType = sourcecode.c.h; name = "zconf.h"; path = "ionic-plugin-deploy/zconf.h"; sourceTree = "<group>"; fileEncoding = 4; };
		95E49CD60C614E749E0716C8 /* zlib.h */ = {isa = PBXFileReference; lastKnownFileType = sourcecode.c.h; name = "zlib.h"; path = "ionic-plugin-deploy/zlib.h"; sourceTree = "<group>"; fileEncoding = 4; };
		FFDF5A46AF104C0BA2B4CE8E /* zutil.h */ = {isa = PBXFileReference; lastKnownFileType = sourcecode.c.h; name = "zutil.h"; path = "ionic-plugin-deploy/zutil.h"; sourceTree = "<group>"; fileEncoding = 4; };
		71C48CF8E7E840898AAE0CB2 /* Base64.h */ = {isa = PBXFileReference; lastKnownFileType = sourcecode.c.h; name = "Base64.h"; path = "ionic-plugin-deploy/Base64.h"; sourceTree = "<group>"; fileEncoding = 4; };
		C04A1926C0E543068D7DE20B /* UNIHTTPClientHelper.h */ = {isa = PBXFileReference; lastKnownFileType = sourcecode.c.h; name = "UNIHTTPClientHelper.h"; path = "ionic-plugin-deploy/UNIHTTPClientHelper.h"; sourceTree = "<group>"; fileEncoding = 4; };
		F513F111E9F64D0CBCC19166 /* UNIHTTPRequest.h */ = {isa = PBXFileReference; lastKnownFileType = sourcecode.c.h; name = "UNIHTTPRequest.h"; path = "ionic-plugin-deploy/UNIHTTPRequest.h"; sourceTree = "<group>"; fileEncoding = 4; };
		13C33F7458BB4EDD97E8C994 /* UNIHTTPRequestWithBody.h */ = {isa = PBXFileReference; lastKnownFileType = sourcecode.c.h; name = "UNIHTTPRequestWithBody.h"; path = "ionic-plugin-deploy/UNIHTTPRequestWithBody.h"; sourceTree = "<group>"; fileEncoding = 4; };
		8D9E2F140F59472A9FD16E78 /* Unirest-Prefix.pch */ = {isa = PBXFileReference; lastKnownFileType = unknown; name = "Unirest-Prefix.pch"; path = "ionic-plugin-deploy/Unirest-Prefix.pch"; sourceTree = "<group>"; fileEncoding = 4; };
		55557DD03A974B088DDCB393 /* UNIRest.h */ = {isa = PBXFileReference; lastKnownFileType = sourcecode.c.h; name = "UNIRest.h"; path = "ionic-plugin-deploy/UNIRest.h"; sourceTree = "<group>"; fileEncoding = 4; };
		7C442FA4B70849AFA36F24D4 /* UNIUrlConnection.h */ = {isa = PBXFileReference; lastKnownFileType = sourcecode.c.h; name = "UNIUrlConnection.h"; path = "ionic-plugin-deploy/UNIUrlConnection.h"; sourceTree = "<group>"; fileEncoding = 4; };
		64849BB9BBE94675A628C50E /* UNIBaseRequest.h */ = {isa = PBXFileReference; lastKnownFileType = sourcecode.c.h; name = "UNIBaseRequest.h"; path = "ionic-plugin-deploy/UNIBaseRequest.h"; sourceTree = "<group>"; fileEncoding = 4; };
		B68403071AE04541839CE1D2 /* UNIBodyRequest.h */ = {isa = PBXFileReference; lastKnownFileType = sourcecode.c.h; name = "UNIBodyRequest.h"; path = "ionic-plugin-deploy/UNIBodyRequest.h"; sourceTree = "<group>"; fileEncoding = 4; };
		C72C67154C1F452E9CFDD195 /* UNISimpleRequest.h */ = {isa = PBXFileReference; lastKnownFileType = sourcecode.c.h; name = "UNISimpleRequest.h"; path = "ionic-plugin-deploy/UNISimpleRequest.h"; sourceTree = "<group>"; fileEncoding = 4; };
		439ACD426A094F73A3AA5437 /* UNIHTTPBinaryResponse.h */ = {isa = PBXFileReference; lastKnownFileType = sourcecode.c.h; name = "UNIHTTPBinaryResponse.h"; path = "ionic-plugin-deploy/UNIHTTPBinaryResponse.h"; sourceTree = "<group>"; fileEncoding = 4; };
		B9B92585ABB148DE8CC10138 /* UNIHTTPJsonResponse.h */ = {isa = PBXFileReference; lastKnownFileType = sourcecode.c.h; name = "UNIHTTPJsonResponse.h"; path = "ionic-plugin-deploy/UNIHTTPJsonResponse.h"; sourceTree = "<group>"; fileEncoding = 4; };
		0A5B522C69CE47449A49EFC0 /* UNIHTTPResponse.h */ = {isa = PBXFileReference; lastKnownFileType = sourcecode.c.h; name = "UNIHTTPResponse.h"; path = "ionic-plugin-deploy/UNIHTTPResponse.h"; sourceTree = "<group>"; fileEncoding = 4; };
		7D501B59422F41E4ABB068EF /* UNIHTTPStringResponse.h */ = {isa = PBXFileReference; lastKnownFileType = sourcecode.c.h; name = "UNIHTTPStringResponse.h"; path = "ionic-plugin-deploy/UNIHTTPStringResponse.h"; sourceTree = "<group>"; fileEncoding = 4; };
		93555D684FDD48FCBF32E940 /* UNIJsonNode.h */ = {isa = PBXFileReference; lastKnownFileType = sourcecode.c.h; name = "UNIJsonNode.h"; path = "ionic-plugin-deploy/UNIJsonNode.h"; sourceTree = "<group>"; fileEncoding = 4; };
		E57595EC247F49ED82A05A8C /* CDVLogger.m */ = {isa = PBXFileReference; lastKnownFileType = sourcecode.c.objc; name = "CDVLogger.m"; path = "cordova-plugin-console/CDVLogger.m"; sourceTree = "<group>"; fileEncoding = 4; };
		F8239048CD1E4DD08B82955F /* CDVLogger.h */ = {isa = PBXFileReference; lastKnownFileType = sourcecode.c.h; name = "CDVLogger.h"; path = "cordova-plugin-console/CDVLogger.h"; sourceTree = "<group>"; fileEncoding = 4; };
		3E72ACF56E9B4E36A98E45A4 /* CDVDevice.m */ = {isa = PBXFileReference; lastKnownFileType = sourcecode.c.objc; name = "CDVDevice.m"; path = "cordova-plugin-device/CDVDevice.m"; sourceTree = "<group>"; fileEncoding = 4; };
		5D93F56717ED416CB4786E6E /* CDVDevice.h */ = {isa = PBXFileReference; lastKnownFileType = sourcecode.c.h; name = "CDVDevice.h"; path = "cordova-plugin-device/CDVDevice.h"; sourceTree = "<group>"; fileEncoding = 4; };
		91F2E1260D1B455E8C9EE71B /* CDVSplashScreen.m */ = {isa = PBXFileReference; lastKnownFileType = sourcecode.c.objc; name = "CDVSplashScreen.m"; path = "cordova-plugin-splashscreen/CDVSplashScreen.m"; sourceTree = "<group>"; fileEncoding = 4; };
		E0FE60C8373E4C35B6A48536 /* CDVViewController+SplashScreen.m */ = {isa = PBXFileReference; lastKnownFileType = sourcecode.c.objc; name = "CDVViewController+SplashScreen.m"; path = "cordova-plugin-splashscreen/CDVViewController+SplashScreen.m"; sourceTree = "<group>"; fileEncoding = 4; };
		E476112B8C224DB485BEB42C /* CDVSplashScreen.h */ = {isa = PBXFileReference; lastKnownFileType = sourcecode.c.h; name = "CDVSplashScreen.h"; path = "cordova-plugin-splashscreen/CDVSplashScreen.h"; sourceTree = "<group>"; fileEncoding = 4; };
		2780FC98812547A2A9DC9233 /* CDVViewController+SplashScreen.h */ = {isa = PBXFileReference; lastKnownFileType = sourcecode.c.h; name = "CDVViewController+SplashScreen.h"; path = "cordova-plugin-splashscreen/CDVViewController+SplashScreen.h"; sourceTree = "<group>"; fileEncoding = 4; };
		4037B511300A40B29738011B /* CDVStatusBar.m */ = {isa = PBXFileReference; lastKnownFileType = sourcecode.c.objc; name = "CDVStatusBar.m"; path = "cordova-plugin-statusbar/CDVStatusBar.m"; sourceTree = "<group>"; fileEncoding = 4; };
		66B0324A27B74A0B961619E1 /* CDVStatusBar.h */ = {isa = PBXFileReference; lastKnownFileType = sourcecode.c.h; name = "CDVStatusBar.h"; path = "cordova-plugin-statusbar/CDVStatusBar.h"; sourceTree = "<group>"; fileEncoding = 4; };
		28DDF222C2F8466189268321 /* IonicKeyboard.m */ = {isa = PBXFileReference; lastKnownFileType = sourcecode.c.objc; name = "IonicKeyboard.m"; path = "ionic-plugin-keyboard/IonicKeyboard.m"; sourceTree = "<group>"; fileEncoding = 4; };
		2E9B165E125340E5A8539336 /* UIWebViewExtension.m */ = {isa = PBXFileReference; lastKnownFileType = sourcecode.c.objc; name = "UIWebViewExtension.m"; path = "ionic-plugin-keyboard/UIWebViewExtension.m"; sourceTree = "<group>"; fileEncoding = 4; };
		B2F19F3409F54D208A3FBEB6 /* IonicKeyboard.h */ = {isa = PBXFileReference; lastKnownFileType = sourcecode.c.h; name = "IonicKeyboard.h"; path = "ionic-plugin-keyboard/IonicKeyboard.h"; sourceTree = "<group>"; fileEncoding = 4; };
		0B56862B998A4AFBA7F3ABD8 /* UIWebViewExtension.h */ = {isa = PBXFileReference; lastKnownFileType = sourcecode.c.h; name = "UIWebViewExtension.h"; path = "ionic-plugin-keyboard/UIWebViewExtension.h"; sourceTree = "<group>"; fileEncoding = 4; };
		A46A461136634496B1D79092 /* CDVInAppBrowser.m */ = {isa = PBXFileReference; lastKnownFileType = sourcecode.c.objc; name = "CDVInAppBrowser.m"; path = "cordova-plugin-inappbrowser/CDVInAppBrowser.m"; sourceTree = "<group>"; fileEncoding = 4; };
		61DCDCE481B84210B7D4AB71 /* CDVInAppBrowser.h */ = {isa = PBXFileReference; lastKnownFileType = sourcecode.c.h; name = "CDVInAppBrowser.h"; path = "cordova-plugin-inappbrowser/CDVInAppBrowser.h"; sourceTree = "<group>"; fileEncoding = 4; };
/* End PBXFileReference section */

/* Begin PBXFrameworksBuildPhase section */
		1D60588F0D05DD3D006BFB54 /* Frameworks */ = {
			isa = PBXFrameworksBuildPhase;
			buildActionMask = 2147483647;
			files = (
				5B1594DD16A7569C00FEF299 /* AssetsLibrary.framework in Frameworks */,
				301BF552109A68D80062928A /* libCordova.a in Frameworks */,
				288765FD0DF74451002DB57D /* CoreGraphics.framework in Frameworks */,
				305D5FD1115AB8F900A74A75 /* MobileCoreServices.framework in Frameworks */,
			);
			runOnlyForDeploymentPostprocessing = 0;
		};
/* End PBXFrameworksBuildPhase section */

/* Begin PBXGroup section */
		080E96DDFE201D6D7F000001 /* Classes */ = {
			isa = PBXGroup;
			children = (
				302D95EE14D2391D003F00A1 /* MainViewController.h */,
				302D95EF14D2391D003F00A1 /* MainViewController.m */,
				302D95F014D2391D003F00A1 /* MainViewController.xib */,
				1D3623240D0F684500981E51 /* AppDelegate.h */,
				1D3623250D0F684500981E51 /* AppDelegate.m */,
			);
			name = Classes;
			path = "boatlaunch/Classes";
			sourceTree = SOURCE_ROOT;
		};
		19C28FACFE9D520D11CA2CBB /* Products */ = {
			isa = PBXGroup;
			children = (
				1D6058910D05DD3D006BFB54 /* boatlaunch.app */,
			);
			name = Products;
			sourceTree = "<group>";
		};
		29B97314FDCFA39411CA2CEA /* CustomTemplate */ = {
			isa = PBXGroup;
			children = (
				EB87FDF41871DAF40020F90C /* config.xml */,
				EB87FDF31871DA8E0020F90C /* www */,
				EB87FDF21871DA7A0020F90C /* merges */,
				EB87FDF11871DA420020F90C /* Staging */,
				301BF52D109A57CC0062928A /* CordovaLib.xcodeproj */,
				080E96DDFE201D6D7F000001 /* Classes */,
				307C750510C5A3420062BCA9 /* Plugins */,
				29B97315FDCFA39411CA2CEA /* Other Sources */,
				29B97317FDCFA39411CA2CEA /* Resources */,
				29B97323FDCFA39411CA2CEA /* Frameworks */,
				19C28FACFE9D520D11CA2CBB /* Products */,
			);
			name = CustomTemplate;
			sourceTree = "<group>";
		};
		29B97315FDCFA39411CA2CEA /* Other Sources */ = {
			isa = PBXGroup;
			children = (
				32CA4F630368D1EE00C91783 /* boatlaunch-Prefix.pch */,
				29B97316FDCFA39411CA2CEA /* main.m */,
			);
			name = "Other Sources";
			path = "boatlaunch";
			sourceTree = "<group>";
		};
		29B97317FDCFA39411CA2CEA /* Resources */ = {
			isa = PBXGroup;
			children = (
				308D052D1370CCF300D202BF /* icons */,
				308D05311370CCF300D202BF /* splash */,
				8D1107310486CEB800E47090 /* boatlaunch-Info.plist */,
			);
			name = Resources;
			path = "boatlaunch/Resources";
			sourceTree = "<group>";
		};
		29B97323FDCFA39411CA2CEA /* Frameworks */ = {
			isa = PBXGroup;
			children = (
				5B1594DC16A7569C00FEF299 /* AssetsLibrary.framework */,
				288765FC0DF74451002DB57D /* CoreGraphics.framework */,
				305D5FD0115AB8F900A74A75 /* MobileCoreServices.framework */,
			);
			name = Frameworks;
			sourceTree = "<group>";
		};
		301BF52E109A57CC0062928A /* Products */ = {
			isa = PBXGroup;
			children = (
				301BF535109A57CC0062928A /* libCordova.a */,
			);
			name = Products;
			sourceTree = "<group>";
		};
		307C750510C5A3420062BCA9 /* Plugins */ = {
			isa = PBXGroup;
			children = (
				8D35B462F7874054A34A97AC /* IonicConstant.m */,
				B93A837E3E0145698F36C17F /* IonicDeploy.m */,
				85791751B7A6450F8F853801 /* Download.m */,
				7568513589D24CEEBE3EFEF8 /* DownloadManager.m */,
				7A6F718FA34E495EB5F86ABF /* SSZipArchive.m */,
				7D842D5F72EC440CB6408025 /* ioapi.c */,
				D73A1F1630E94A04AA08D579 /* unzip.c */,
				7AA2238DCD9D4B89BDD98901 /* zip.c */,
				229C12E4889C4CDEB71CA36B /* adler32.c */,
				F7E2727DD36F44A78986E3B6 /* compress.c */,
				1BD9A3C63681466AB1C6D312 /* crc32.c */,
				A64D2CB20AC54AF7B8444CDC /* deflate.c */,
				E6CD85723F584CBCB0983298 /* gzclose.c */,
				9DDB471DD7044FDEBD224B74 /* gzlib.c */,
				5847F22B7293432ABB7CB85F /* gzread.c */,
				24FC096C89DA427D80E92680 /* gzwrite.c */,
				06E98F5C02D9411680F28365 /* infback.c */,
				9BE8D97DDA08464DA6FF0D8A /* inffast.c */,
				7A57D5958B8B4A5484A2086B /* inflate.c */,
				1C5DA2B5074342DE8E480982 /* inftrees.c */,
				7F16D7BA3234438595F212AB /* trees.c */,
				F189D84444C84FA683A1B586 /* uncompr.c */,
				AFF99E5A27634211A79135C5 /* zutil.c */,
				8765AF7D8C444F16B990EB97 /* Base64.m */,
				4FFA9989AE5B459781E65497 /* UNIHTTPClientHelper.m */,
				32F38B5527DD49B5A0EE3B5F /* UNIHTTPRequest.m */,
				69CC8C42535448CE88FE45FD /* UNIHTTPRequestWithBody.m */,
				6A61A484D0314F1AAA21C3CC /* UNIRest.m */,
				8BB31FC37D9944A2B0ED5F44 /* UNIUrlConnection.m */,
				A66B5EE55561475680F404F9 /* UNIBaseRequest.m */,
				18EDEE60DFC249EC9C9DBBA2 /* UNIBodyRequest.m */,
				580FBAD77C4746C58B0B520B /* UNISimpleRequest.m */,
				666307329CC8471391688BC4 /* UNIHTTPBinaryResponse.m */,
				90CE30402CD044FCBDC5FDB4 /* UNIHTTPJsonResponse.m */,
				35133F6D703B4FF1A301338C /* UNIHTTPResponse.m */,
				ECB9BC18C4EF4E3DB31464B8 /* UNIHTTPStringResponse.m */,
				EB42E5E66B4C4F3394639EAC /* UNIJsonNode.m */,
				B190EEDA755A4353A9211E51 /* IonicConstant.h */,
				0A02BBED0BE14212842AE157 /* IonicDeploy.h */,
				E49E67D8178A4C24AA998BA5 /* Download.h */,
				722C30FC166B4857959F078E /* DownloadManager.h */,
				5572559BFBAB43178088C30E /* SSZipArchive.h */,
				6F17BC9B1BA44076A0140E64 /* ARCHelper.h */,
				7061E3132AD8402388548BB3 /* crypt.h */,
				0E6DA86491234B3E86488EF5 /* ioapi.h */,
				A3D87C7B00B84866B428B5D2 /* unzip.h */,
				9986888F1D394906B22C11BC /* zip.h */,
				123D5707C01C4202A2D9D800 /* crc32.h */,
				9B301CA93622485D8852369D /* deflate.h */,
				7203D25155B648F7A7A31DA7 /* gzguts.h */,
				EB6AEB4EE18E4F2C990F4B86 /* inffast.h */,
				4AA160FC55604E76B5BA454A /* inffixed.h */,
				469B3E609EE345AE9DFC9BFA /* inflate.h */,
				AA8EF3546B88476A9D7F195F /* inftrees.h */,
				86A77D752F184579B19A9742 /* trees.h */,
				ABDBFA40771E4F8F8A8C103D /* zconf.h */,
				95E49CD60C614E749E0716C8 /* zlib.h */,
				FFDF5A46AF104C0BA2B4CE8E /* zutil.h */,
				71C48CF8E7E840898AAE0CB2 /* Base64.h */,
				C04A1926C0E543068D7DE20B /* UNIHTTPClientHelper.h */,
				F513F111E9F64D0CBCC19166 /* UNIHTTPRequest.h */,
				13C33F7458BB4EDD97E8C994 /* UNIHTTPRequestWithBody.h */,
				8D9E2F140F59472A9FD16E78 /* Unirest-Prefix.pch */,
				55557DD03A974B088DDCB393 /* UNIRest.h */,
				7C442FA4B70849AFA36F24D4 /* UNIUrlConnection.h */,
				64849BB9BBE94675A628C50E /* UNIBaseRequest.h */,
				B68403071AE04541839CE1D2 /* UNIBodyRequest.h */,
				C72C67154C1F452E9CFDD195 /* UNISimpleRequest.h */,
				439ACD426A094F73A3AA5437 /* UNIHTTPBinaryResponse.h */,
				B9B92585ABB148DE8CC10138 /* UNIHTTPJsonResponse.h */,
				0A5B522C69CE47449A49EFC0 /* UNIHTTPResponse.h */,
				7D501B59422F41E4ABB068EF /* UNIHTTPStringResponse.h */,
				93555D684FDD48FCBF32E940 /* UNIJsonNode.h */,
				E57595EC247F49ED82A05A8C /* CDVLogger.m */,
				F8239048CD1E4DD08B82955F /* CDVLogger.h */,
				3E72ACF56E9B4E36A98E45A4 /* CDVDevice.m */,
				5D93F56717ED416CB4786E6E /* CDVDevice.h */,
				91F2E1260D1B455E8C9EE71B /* CDVSplashScreen.m */,
				E0FE60C8373E4C35B6A48536 /* CDVViewController+SplashScreen.m */,
				E476112B8C224DB485BEB42C /* CDVSplashScreen.h */,
				2780FC98812547A2A9DC9233 /* CDVViewController+SplashScreen.h */,
				4037B511300A40B29738011B /* CDVStatusBar.m */,
				66B0324A27B74A0B961619E1 /* CDVStatusBar.h */,
				28DDF222C2F8466189268321 /* IonicKeyboard.m */,
				2E9B165E125340E5A8539336 /* UIWebViewExtension.m */,
				B2F19F3409F54D208A3FBEB6 /* IonicKeyboard.h */,
				0B56862B998A4AFBA7F3ABD8 /* UIWebViewExtension.h */,
				A46A461136634496B1D79092 /* CDVInAppBrowser.m */,
				61DCDCE481B84210B7D4AB71 /* CDVInAppBrowser.h */,
			);
			name = Plugins;
			path = "boatlaunch/Plugins";
			sourceTree = SOURCE_ROOT;
		};
		308D052D1370CCF300D202BF /* icons */ = {
			isa = PBXGroup;
			children = (
				30C1856519D5FC0A00212699 /* icon-60@3x.png */,
				7E7966D41810823500FA85AD /* icon-40.png */,
				7E7966D51810823500FA85AD /* icon-40@2x.png */,
				7E7966D61810823500FA85AD /* icon-50.png */,
				7E7966D71810823500FA85AD /* icon-50@2x.png */,
				7E7966D81810823500FA85AD /* icon-60.png */,
				7E7966D91810823500FA85AD /* icon-60@2x.png */,
				7E7966DA1810823500FA85AD /* icon-76.png */,
				7E7966DB1810823500FA85AD /* icon-76@2x.png */,
				7E7966DC1810823500FA85AD /* icon-small.png */,
				7E7966DD1810823500FA85AD /* icon-small@2x.png */,
				30FC414816E50CA1004E6F35 /* icon-72@2x.png */,
				308D052E1370CCF300D202BF /* icon-72.png */,
				308D052F1370CCF300D202BF /* icon.png */,
				308D05301370CCF300D202BF /* icon@2x.png */,
			);
			path = icons;
			sourceTree = "<group>";
		};
		308D05311370CCF300D202BF /* splash */ = {
			isa = PBXGroup;
			children = (
				30B4F2FD19D5E07200D9F7D8 /* Default-667h.png */,
				30B4F2FE19D5E07200D9F7D8 /* Default-736h.png */,
				30B4F2FF19D5E07200D9F7D8 /* Default-Landscape-736h.png */,
				D4A0D8751607E02300AEF8BB /* Default-568h@2x~iphone.png */,
				3088BBB7154F3926009F9C59 /* Default-Landscape@2x~ipad.png */,
				3088BBB8154F3926009F9C59 /* Default-Landscape~ipad.png */,
				3088BBB9154F3926009F9C59 /* Default-Portrait@2x~ipad.png */,
				3088BBBA154F3926009F9C59 /* Default-Portrait~ipad.png */,
				3088BBBB154F3926009F9C59 /* Default@2x~iphone.png */,
				3088BBBC154F3926009F9C59 /* Default~iphone.png */,
			);
			path = splash;
			sourceTree = "<group>";
		};
		EB87FDF11871DA420020F90C /* Staging */ = {
			isa = PBXGroup;
			children = (
				F840E1F0165FE0F500CFE078 /* config.xml */,
				301BF56E109A69640062928A /* www */,
			);
			name = Staging;
			sourceTree = "<group>";
		};
/* End PBXGroup section */

/* Begin PBXNativeTarget section */
		1D6058900D05DD3D006BFB54 /* boatlaunch */ = {
			isa = PBXNativeTarget;
			buildConfigurationList = 1D6058960D05DD3E006BFB54 /* Build configuration list for PBXNativeTarget "boatlaunch" */;
			buildPhases = (
				304B58A110DAC018002A0835 /* Copy www directory */,
				1D60588D0D05DD3D006BFB54 /* Resources */,
				1D60588E0D05DD3D006BFB54 /* Sources */,
				1D60588F0D05DD3D006BFB54 /* Frameworks */,
			);
			buildRules = (
			);
			dependencies = (
				301BF551109A68C00062928A /* PBXTargetDependency */,
			);
			name = "boatlaunch";
			productName = "boatlaunch";
			productReference = 1D6058910D05DD3D006BFB54 /* boatlaunch.app */;
			productType = "com.apple.product-type.application";
		};
/* End PBXNativeTarget section */

/* Begin PBXProject section */
		29B97313FDCFA39411CA2CEA /* Project object */ = {
			isa = PBXProject;
			attributes = {
				LastUpgradeCheck = 510;
			};
			buildConfigurationList = C01FCF4E08A954540054247B /* Build configuration list for PBXProject "__CLI__" */;
			compatibilityVersion = "Xcode 3.2";
			developmentRegion = English;
			hasScannedForEncodings = 1;
			knownRegions = (
				English,
				Japanese,
				French,
				German,
				en,
				es,
				de,
				se,
			);
			mainGroup = 29B97314FDCFA39411CA2CEA /* CustomTemplate */;
			projectDirPath = "";
			projectReferences = (
				{
					ProductGroup = 301BF52E109A57CC0062928A /* Products */;
					ProjectRef = 301BF52D109A57CC0062928A /* CordovaLib.xcodeproj */;
				},
			);
			projectRoot = "";
			targets = (
				1D6058900D05DD3D006BFB54 /* boatlaunch */,
			);
		};
/* End PBXProject section */

/* Begin PBXReferenceProxy section */
		301BF535109A57CC0062928A /* libCordova.a */ = {
			isa = PBXReferenceProxy;
			fileType = archive.ar;
			path = libCordova.a;
			remoteRef = 301BF534109A57CC0062928A /* PBXContainerItemProxy */;
			sourceTree = BUILT_PRODUCTS_DIR;
		};
/* End PBXReferenceProxy section */

/* Begin PBXResourcesBuildPhase section */
		1D60588D0D05DD3D006BFB54 /* Resources */ = {
			isa = PBXResourcesBuildPhase;
			buildActionMask = 2147483647;
			files = (
				7E7966E41810823500FA85AD /* icon-76.png in Resources */,
				7E7966DF1810823500FA85AD /* icon-40@2x.png in Resources */,
				308D05371370CCF300D202BF /* icon-72.png in Resources */,
				30B4F30119D5E07200D9F7D8 /* Default-736h.png in Resources */,
				308D05381370CCF300D202BF /* icon.png in Resources */,
				308D05391370CCF300D202BF /* icon@2x.png in Resources */,
				302D95F214D2391D003F00A1 /* MainViewController.xib in Resources */,
				7E7966E01810823500FA85AD /* icon-50.png in Resources */,
				7E7966E31810823500FA85AD /* icon-60@2x.png in Resources */,
				7E7966E61810823500FA85AD /* icon-small.png in Resources */,
				3088BBBD154F3926009F9C59 /* Default-Landscape@2x~ipad.png in Resources */,
				3088BBBE154F3926009F9C59 /* Default-Landscape~ipad.png in Resources */,
				3088BBBF154F3926009F9C59 /* Default-Portrait@2x~ipad.png in Resources */,
				7E7966E71810823500FA85AD /* icon-small@2x.png in Resources */,
				3088BBC0154F3926009F9C59 /* Default-Portrait~ipad.png in Resources */,
				30B4F30019D5E07200D9F7D8 /* Default-667h.png in Resources */,
				7E7966DE1810823500FA85AD /* icon-40.png in Resources */,
				3088BBC1154F3926009F9C59 /* Default@2x~iphone.png in Resources */,
				7E7966E21810823500FA85AD /* icon-60.png in Resources */,
				3088BBC2154F3926009F9C59 /* Default~iphone.png in Resources */,
				D4A0D8761607E02300AEF8BB /* Default-568h@2x~iphone.png in Resources */,
				30B4F30219D5E07200D9F7D8 /* Default-Landscape-736h.png in Resources */,
				30C1856619D5FC0A00212699 /* icon-60@3x.png in Resources */,
				7E7966E11810823500FA85AD /* icon-50@2x.png in Resources */,
				7E7966E51810823500FA85AD /* icon-76@2x.png in Resources */,
				30FC414916E50CA1004E6F35 /* icon-72@2x.png in Resources */,
			);
			runOnlyForDeploymentPostprocessing = 0;
		};
/* End PBXResourcesBuildPhase section */

/* Begin PBXShellScriptBuildPhase section */
		304B58A110DAC018002A0835 /* Copy www directory */ = {
			isa = PBXShellScriptBuildPhase;
			buildActionMask = 2147483647;
			files = (
			);
			inputPaths = (
			);
			name = "Copy www directory";
			outputPaths = (
			);
			runOnlyForDeploymentPostprocessing = 0;
			shellPath = /bin/sh;
			shellScript = "cordova/lib/copy-www-build-step.sh";
			showEnvVarsInLog = 0;
		};
/* End PBXShellScriptBuildPhase section */

/* Begin PBXSourcesBuildPhase section */
		1D60588E0D05DD3D006BFB54 /* Sources */ = {
			isa = PBXSourcesBuildPhase;
			buildActionMask = 2147483647;
			files = (
				1D60589B0D05DD56006BFB54 /* main.m in Sources */,
				1D3623260D0F684500981E51 /* AppDelegate.m in Sources */,
				302D95F114D2391D003F00A1 /* MainViewController.m in Sources */,
				1A9A10726FE745B78F45662F /* IonicConstant.m in Sources */,
				879AAC7938414838A07244AF /* IonicDeploy.m in Sources */,
				195A34F1BFE44166B38D952D /* Download.m in Sources */,
				0EDAE645D11740C5BF4A20F0 /* DownloadManager.m in Sources */,
				D9DA3A1F0F2E46B996FBE5A2 /* SSZipArchive.m in Sources */,
				CE5524C1F8B44131AA3F2D72 /* ioapi.c in Resources */,
				A203DC0308F04039A56CBEF9 /* unzip.c in Resources */,
				02742BBA18F6427391C4F81A /* zip.c in Resources */,
				1979A68BAA264DA99B025386 /* adler32.c in Resources */,
				00FEB1CF0E2F425F814D2D2E /* compress.c in Resources */,
				7035C38912A24816858CE138 /* crc32.c in Resources */,
				F11E50D6321D493BABF6A4D4 /* deflate.c in Resources */,
				8F57CBB0433746189C3DACB8 /* gzclose.c in Resources */,
				DD73ACD68553481A8CAEBF23 /* gzlib.c in Resources */,
				E9B1AA252523484AA5994091 /* gzread.c in Resources */,
				A8DFD9F94F974038A28B093B /* gzwrite.c in Resources */,
				FDA3C12BDAE2456C879F8454 /* infback.c in Resources */,
				543AA9872C524007A18EAD1F /* inffast.c in Resources */,
				F895FD84F9964B4881EDB87E /* inflate.c in Resources */,
				A4C98D3D9705493990E47B3B /* inftrees.c in Resources */,
				F2C56112CC8F4E75A515EA13 /* trees.c in Resources */,
				A15BD66767EA4C99A00CCB37 /* uncompr.c in Resources */,
				8AF86F7C8FC94DC69B89CF82 /* zutil.c in Resources */,
				8C5DC610376941DFA53F0ACF /* Base64.m in Sources */,
				5960A07D10DB46CF8371713F /* UNIHTTPClientHelper.m in Sources */,
				996949B68CDE4E0CB9E888BA /* UNIHTTPRequest.m in Sources */,
				FFEB6695AA554945A5DB9D75 /* UNIHTTPRequestWithBody.m in Sources */,
				F398756E5C634C2897C45CD9 /* UNIRest.m in Sources */,
				F5A8DF75729D4E64A2ABBFAF /* UNIUrlConnection.m in Sources */,
				E5D48778A91540689AC160A1 /* UNIBaseRequest.m in Sources */,
				C8496C2D93FA4FE7BF3B2E58 /* UNIBodyRequest.m in Sources */,
				B793718169B440ACB93D4445 /* UNISimpleRequest.m in Sources */,
				C22ACF0437E6495082C733F4 /* UNIHTTPBinaryResponse.m in Sources */,
				88EF320620A34B2DA3CA844E /* UNIHTTPJsonResponse.m in Sources */,
				D0BB51CCE4A8499EB33D76BA /* UNIHTTPResponse.m in Sources */,
				9730A0EB05134E18B1A2F9E2 /* UNIHTTPStringResponse.m in Sources */,
				61DE67AC8325419BB63DBAC8 /* UNIJsonNode.m in Sources */,
				CD4E4B884E9340B7871D5435 /* CDVLogger.m in Sources */,
				F75D087BA03E41B3BF101171 /* CDVDevice.m in Sources */,
				31CB98CFAEF4445D8CAA15E2 /* CDVSplashScreen.m in Sources */,
				211EC13E9B114E6AB5723852 /* CDVViewController+SplashScreen.m in Sources */,
				8837E97255274020AAAD8CA0 /* CDVStatusBar.m in Sources */,
				A38EF062FAE6447AB6F4B7B5 /* IonicKeyboard.m in Sources */,
				4D81D1DF8E0E4A45802DF99A /* UIWebViewExtension.m in Sources */,
				3049C4E55AAD4685935E1EF9 /* CDVInAppBrowser.m in Sources */,
			);
			runOnlyForDeploymentPostprocessing = 0;
		};
/* End PBXSourcesBuildPhase section */

/* Begin PBXTargetDependency section */
		301BF551109A68C00062928A /* PBXTargetDependency */ = {
			isa = PBXTargetDependency;
			name = CordovaLib;
			targetProxy = 301BF550109A68C00062928A /* PBXContainerItemProxy */;
		};
/* End PBXTargetDependency section */

/* Begin XCBuildConfiguration section */
		1D6058940D05DD3E006BFB54 /* Debug */ = {
			isa = XCBuildConfiguration;
			buildSettings = {
				ALWAYS_SEARCH_USER_PATHS = NO;
				CLANG_ENABLE_OBJC_ARC = YES;
				COPY_PHASE_STRIP = NO;
				GCC_DYNAMIC_NO_PIC = NO;
				GCC_OPTIMIZATION_LEVEL = 0;
				GCC_PRECOMPILE_PREFIX_HEADER = YES;
				GCC_PREFIX_HEADER = "boatlaunch/boatlaunch-Prefix.pch";
				GCC_THUMB_SUPPORT = NO;
				GCC_VERSION = "";
				INFOPLIST_FILE = "boatlaunch/boatlaunch-Info.plist";
				IPHONEOS_DEPLOYMENT_TARGET = 6.0;
				OTHER_LDFLAGS = (
					"-weak_framework",
					CoreFoundation,
					"-weak_framework",
					UIKit,
					"-weak_framework",
					AVFoundation,
					"-weak_framework",
					CoreMedia,
					"-weak-lSystem",
					"-ObjC",
				);
				PRODUCT_NAME = "boatlaunch";
				TARGETED_DEVICE_FAMILY = "1,2";
			};
			name = Debug;
		};
		1D6058950D05DD3E006BFB54 /* Release */ = {
			isa = XCBuildConfiguration;
			buildSettings = {
				ALWAYS_SEARCH_USER_PATHS = NO;
				CLANG_ENABLE_OBJC_ARC = YES;
				COPY_PHASE_STRIP = YES;
				GCC_PRECOMPILE_PREFIX_HEADER = YES;
				GCC_PREFIX_HEADER = "boatlaunch/boatlaunch-Prefix.pch";
				GCC_THUMB_SUPPORT = NO;
				GCC_VERSION = "";
				INFOPLIST_FILE = "boatlaunch/boatlaunch-Info.plist";
				IPHONEOS_DEPLOYMENT_TARGET = 6.0;
				OTHER_LDFLAGS = (
					"-weak_framework",
					CoreFoundation,
					"-weak_framework",
					UIKit,
					"-weak_framework",
					AVFoundation,
					"-weak_framework",
					CoreMedia,
					"-weak-lSystem",
					"-ObjC",
				);
				PRODUCT_NAME = "boatlaunch";
				TARGETED_DEVICE_FAMILY = "1,2";
			};
			name = Release;
		};
		C01FCF4F08A954540054247B /* Debug */ = {
			isa = XCBuildConfiguration;
			buildSettings = {
				CLANG_ENABLE_OBJC_ARC = YES;
				CLANG_WARN_BOOL_CONVERSION = YES;
				CLANG_WARN_CONSTANT_CONVERSION = YES;
				CLANG_WARN_EMPTY_BODY = YES;
				CLANG_WARN_ENUM_CONVERSION = YES;
				CLANG_WARN_INT_CONVERSION = YES;
				CLANG_WARN__DUPLICATE_METHOD_MATCH = YES;
				"CODE_SIGN_IDENTITY[sdk=iphoneos*]" = "iPhone Developer";
				GCC_C_LANGUAGE_STANDARD = c99;
				GCC_THUMB_SUPPORT = NO;
				GCC_VERSION = "";
				GCC_WARN_ABOUT_RETURN_TYPE = YES;
				GCC_WARN_UNDECLARED_SELECTOR = YES;
				GCC_WARN_UNINITIALIZED_AUTOS = YES;
				GCC_WARN_UNUSED_FUNCTION = YES;
				GCC_WARN_UNUSED_VARIABLE = YES;
				HEADER_SEARCH_PATHS = (
					"\"$(TARGET_BUILD_DIR)/usr/local/lib/include\"",
					"\"$(OBJROOT)/UninstalledProducts/include\"",
					"\"$(BUILT_PRODUCTS_DIR)\"",
				);
				IPHONEOS_DEPLOYMENT_TARGET = 6.0;
				ONLY_ACTIVE_ARCH = YES;
				OTHER_LDFLAGS = (
					"-weak_framework",
					CoreFoundation,
					"-weak_framework",
					UIKit,
					"-weak_framework",
					AVFoundation,
					"-weak_framework",
					CoreMedia,
					"-weak-lSystem",
					"-ObjC",
				);
				SDKROOT = iphoneos;
				SKIP_INSTALL = NO;
				USER_HEADER_SEARCH_PATHS = "";
			};
			name = Debug;
		};
		C01FCF5008A954540054247B /* Release */ = {
			isa = XCBuildConfiguration;
			buildSettings = {
				CLANG_ENABLE_OBJC_ARC = YES;
				CLANG_WARN_BOOL_CONVERSION = YES;
				CLANG_WARN_CONSTANT_CONVERSION = YES;
				CLANG_WARN_EMPTY_BODY = YES;
				CLANG_WARN_ENUM_CONVERSION = YES;
				CLANG_WARN_INT_CONVERSION = YES;
				CLANG_WARN__DUPLICATE_METHOD_MATCH = YES;
				"CODE_SIGN_IDENTITY[sdk=iphoneos*]" = "iPhone Developer";
				GCC_C_LANGUAGE_STANDARD = c99;
				GCC_THUMB_SUPPORT = NO;
				GCC_VERSION = "";
				GCC_WARN_ABOUT_RETURN_TYPE = YES;
				GCC_WARN_UNDECLARED_SELECTOR = YES;
				GCC_WARN_UNINITIALIZED_AUTOS = YES;
				GCC_WARN_UNUSED_FUNCTION = YES;
				GCC_WARN_UNUSED_VARIABLE = YES;
				HEADER_SEARCH_PATHS = (
					"\"$(TARGET_BUILD_DIR)/usr/local/lib/include\"",
					"\"$(OBJROOT)/UninstalledProducts/include\"",
					"\"$(BUILT_PRODUCTS_DIR)\"",
				);
				IPHONEOS_DEPLOYMENT_TARGET = 6.0;
				OTHER_LDFLAGS = (
					"-weak_framework",
					CoreFoundation,
					"-weak_framework",
					UIKit,
					"-weak_framework",
					AVFoundation,
					"-weak_framework",
					CoreMedia,
					"-weak-lSystem",
					"-ObjC",
				);
				SDKROOT = iphoneos;
				SKIP_INSTALL = NO;
				USER_HEADER_SEARCH_PATHS = "";
			};
			name = Release;
		};
/* End XCBuildConfiguration section */

/* Begin XCConfigurationList section */
		1D6058960D05DD3E006BFB54 /* Build configuration list for PBXNativeTarget "boatlaunch" */ = {
			isa = XCConfigurationList;
			buildConfigurations = (
				1D6058940D05DD3E006BFB54 /* Debug */,
				1D6058950D05DD3E006BFB54 /* Release */,
			);
			defaultConfigurationIsVisible = 0;
			defaultConfigurationName = Release;
		};
		C01FCF4E08A954540054247B /* Build configuration list for PBXProject "__CLI__" */ = {
			isa = XCConfigurationList;
			buildConfigurations = (
				C01FCF4F08A954540054247B /* Debug */,
				C01FCF5008A954540054247B /* Release */,
			);
			defaultConfigurationIsVisible = 0;
			defaultConfigurationName = Release;
		};
/* End XCConfigurationList section */
	};
	rootObject = 29B97313FDCFA39411CA2CEA /* Project object */;
}
